
Microsoft Visual Studio Solution File, Format Version 12.00
# Visual Studio 15
VisualStudioVersion = 15.0.27004.2005
MinimumVisualStudioVersion = 10.0.40219.1
Project("{9A19103F-16F7-4668-BE54-9A1E7A4F7556}") = "NeoWeb", "NeoWeb\NeoWeb.csproj", "{B0F159E6-C39C-46E2-B3C1-E20081D0509D}"
EndProject
Global
	GlobalSection(SolutionConfigurationPlatforms) = preSolution
		Debug|Any CPU = Debug|Any CPU
		Release|Any CPU = Release|Any CPU
	EndGlobalSection
	GlobalSection(ProjectConfigurationPlatforms) = postSolution
		{B0F159E6-C39C-46E2-B3C1-E20081D0509D}.Debug|Any CPU.ActiveCfg = Debug|Any CPU
		{B0F159E6-C39C-46E2-B3C1-E20081D0509D}.Debug|Any CPU.Build.0 = Debug|Any CPU
		{B0F159E6-C39C-46E2-B3C1-E20081D0509D}.Release|Any CPU.ActiveCfg = Release|Any CPU
		{B0F159E6-C39C-46E2-B3C1-E20081D0509D}.Release|Any CPU.Build.0 = Release|Any CPU
	EndGlobalSection
	GlobalSection(SolutionProperties) = preSolution
		HideSolutionNode = FALSE
	EndGlobalSection
	GlobalSection(ExtensibilityGlobals) = postSolution
		SolutionGuid = {1B31B058-DA62-4EEC-A2F6-153F67FD7ED0}
	EndGlobalSection
EndGlobal
