
Microsoft Visual Studio Solution File, Format Version 12.00
# Visual Studio 15
VisualStudioVersion = 15.0.27004.2005
MinimumVisualStudioVersion = 10.0.40219.1
Project("{FAE04EC0-301F-11D3-BF4B-00C04F79EFBC}") = "DevCon", "DevCon\DevCon.csproj", "{3730890C-C928-4C5A-BB55-068C4D9746A3}"
EndProject
Global
	GlobalSection(SolutionConfigurationPlatforms) = preSolution
		Debug|Any CPU = Debug|Any CPU
		Release|Any CPU = Release|Any CPU
	EndGlobalSection
	GlobalSection(ProjectConfigurationPlatforms) = postSolution
		{3730890C-C928-4C5A-BB55-068C4D9746A3}.Debug|Any CPU.ActiveCfg = Debug|Any CPU
		{3730890C-C928-4C5A-BB55-068C4D9746A3}.Debug|Any CPU.Build.0 = Debug|Any CPU
		{3730890C-C928-4C5A-BB55-068C4D9746A3}.Release|Any CPU.ActiveCfg = Release|Any CPU
		{3730890C-C928-4C5A-BB55-068C4D9746A3}.Release|Any CPU.Build.0 = Release|Any CPU
	EndGlobalSection
	GlobalSection(SolutionProperties) = preSolution
		HideSolutionNode = FALSE
	EndGlobalSection
	GlobalSection(ExtensibilityGlobals) = postSolution
		SolutionGuid = {D84B4A77-3EF6-47DF-80A9-914FDDB246B1}
	EndGlobalSection
EndGlobal
